# This file is automatically @generated by Cargo.
# It is not intended for manual editing.
[[package]]
name = "Algorithms_and_Data_Structures_I"
version = "0.1.0"
dependencies = [
 "rand 0.8.5 (registry+https://github.com/rust-lang/crates.io-index)",
]

[[package]]
name = "cfg-if"
version = "1.0.0"
source = "registry+https://github.com/rust-lang/crates.io-index"

[[package]]
name = "getrandom"
version = "0.2.10"
source = "registry+https://github.com/rust-lang/crates.io-index"
dependencies = [
 "cfg-if 1.0.0 (registry+https://github.com/rust-lang/crates.io-index)",
 "libc 0.2.148 (registry+https://github.com/rust-lang/crates.io-index)",
 "wasi 0.11.0+wasi-snapshot-preview1 (registry+https://github.com/rust-lang/crates.io-index)",
]

[[package]]
name = "libc"
version = "0.2.148"
source = "registry+https://github.com/rust-lang/crates.io-index"

[[package]]
name = "ppv-lite86"
version = "0.2.17"
source = "registry+https://github.com/rust-lang/crates.io-index"

[[package]]
name = "rand"
version = "0.8.5"
source = "registry+https://github.com/rust-lang/crates.io-index"
dependencies = [
 "libc 0.2.148 (registry+https://github.com/rust-lang/crates.io-index)",
 "rand_chacha 0.3.1 (registry+https://github.com/rust-lang/crates.io-index)",
 "rand_core 0.6.4 (registry+https://github.com/rust-lang/crates.io-index)",
]

[[package]]
name = "rand_chacha"
version = "0.3.1"
source = "registry+https://github.com/rust-lang/crates.io-index"
dependencies = [
 "ppv-lite86 0.2.17 (registry+https://github.com/rust-lang/crates.io-index)",
 "rand_core 0.6.4 (registry+https://github.com/rust-lang/crates.io-index)",
]

[[package]]
name = "rand_core"
version = "0.6.4"
source = "registry+https://github.com/rust-lang/crates.io-index"
dependencies = [
 "getrandom 0.2.10 (registry+https://github.com/rust-lang/crates.io-index)",
]

[[package]]
name = "wasi"
version = "0.11.0+wasi-snapshot-preview1"
source = "registry+https://github.com/rust-lang/crates.io-index"

[metadata]
"checksum cfg-if 1.0.0 (registry+https://github.com/rust-lang/crates.io-index)" = "baf1de4339761588bc0619e3cbc0120ee582ebb74b53b4efbf79117bd2da40fd"
"checksum getrandom 0.2.10 (registry+https://github.com/rust-lang/crates.io-index)" = "be4136b2a15dd319360be1c07d9933517ccf0be8f16bf62a3bee4f0d618df427"
"checksum libc 0.2.148 (registry+https://github.com/rust-lang/crates.io-index)" = "9cdc71e17332e86d2e1d38c1f99edcb6288ee11b815fb1a4b049eaa2114d369b"
"checksum ppv-lite86 0.2.17 (registry+https://github.com/rust-lang/crates.io-index)" = "5b40af805b3121feab8a3c29f04d8ad262fa8e0561883e7653e024ae4479e6de"
"checksum rand 0.8.5 (registry+https://github.com/rust-lang/crates.io-index)" = "34af8d1a0e25924bc5b7c43c079c942339d8f0a8b57c39049bef581b46327404"
"checksum rand_chacha 0.3.1 (registry+https://github.com/rust-lang/crates.io-index)" = "e6c10a63a0fa32252be49d21e7709d4d4baf8d231c2dbce1eaa8141b9b127d88"
"checksum rand_core 0.6.4 (registry+https://github.com/rust-lang/crates.io-index)" = "ec0be4795e2f6a28069bec0b5ff3e2ac9bafc99e6a9a7dc3547996c5c816922c"
"checksum wasi 0.11.0+wasi-snapshot-preview1 (registry+https://github.com/rust-lang/crates.io-index)" = "9c8d87e72b64a3b4db28d11ce29237c246188f4f51057d65a7eab63b7987e423"
